
Microsoft Visual Studio Solution File, Format Version 12.00
# Visual Studio 15
VisualStudioVersion = 15.0.26430.12
MinimumVisualStudioVersion = 10.0.40219.1
Project("{FAE04EC0-301F-11D3-BF4B-00C04F79EFBC}") = "NRemote.Core", "NRemote.Core\NRemote.Core.csproj", "{EA329300-66D8-4437-B34A-D6F4E2EB2BB3}"
EndProject
Project("{FAE04EC0-301F-11D3-BF4B-00C04F79EFBC}") = "NRemote.API", "NRemote.API\NRemote.API.csproj", "{3DF4038B-02C7-478C-A2DE-CC7A7DBC6A84}"
EndProject
Project("{FAE04EC0-301F-11D3-BF4B-00C04F79EFBC}") = "NRemote.Commons", "NRemote.Commons\NRemote.Commons.csproj", "{47B8A9FF-3DF4-4773-B6DC-AB351BC94001}"
EndProject
Project("{FAE04EC0-301F-11D3-BF4B-00C04F79EFBC}") = "NRemote.Core.Test", "NRemote.Core.Test\NRemote.Core.Test.csproj", "{E5DB7B96-88B6-4907-8324-0722F012310B}"
EndProject
Project("{2150E333-8FDC-42A3-9474-1A3956D46DE8}") = "Production", "Production", "{FAED5C90-87E7-4B52-BF73-5DEAA656D8E5}"
EndProject
Project("{2150E333-8FDC-42A3-9474-1A3956D46DE8}") = "Test", "Test", "{16C03B0F-5676-44CE-9667-27D524A697D2}"
EndProject
Project("{2150E333-8FDC-42A3-9474-1A3956D46DE8}") = "Extensions", "Extensions", "{86BEE235-3C9F-454E-9BFC-FA4853AE2A95}"
EndProject
Project("{2150E333-8FDC-42A3-9474-1A3956D46DE8}") = "Configuration", "Configuration", "{78ABCE0E-7B67-416A-B1E9-DEFFB42C2A8F}"
EndProject
Project("{2150E333-8FDC-42A3-9474-1A3956D46DE8}") = "Network-Protocol", "Network-Protocol", "{131368CE-4F51-40D0-A6D3-EC38FF857B70}"
EndProject
Project("{2150E333-8FDC-42A3-9474-1A3956D46DE8}") = "Update-Policy", "Update-Policy", "{D9A0D008-5578-4B69-A1A9-4F56E8EDA33B}"
EndProject
Project("{2150E333-8FDC-42A3-9474-1A3956D46DE8}") = "Extensions", "Extensions", "{F90449D2-D30D-4185-B9ED-FE12B487A4C2}"
EndProject
Project("{2150E333-8FDC-42A3-9474-1A3956D46DE8}") = "Configuration", "Configuration", "{B72F172F-2331-4A17-9997-A0D98177BB71}"
EndProject
Project("{2150E333-8FDC-42A3-9474-1A3956D46DE8}") = "Network-Protocol", "Network-Protocol", "{DC83C868-A770-4BCC-A841-AB871AC93DF0}"
EndProject
Project("{2150E333-8FDC-42A3-9474-1A3956D46DE8}") = "Update-Policy", "Update-Policy", "{F2776DCB-D8B8-42C9-9882-F5EC4964A753}"
EndProject
Project("{FAE04EC0-301F-11D3-BF4B-00C04F79EFBC}") = "NRemote.Ext.Config.API", "Extensions\Configuration\NRemote.Ext.Config.API\NRemote.Ext.Config.API.csproj", "{726843DF-CCB1-4A6F-B1EF-C86685291F01}"
EndProject
Project("{FAE04EC0-301F-11D3-BF4B-00C04F79EFBC}") = "NRemote.Ext.Config.Fluent", "Extensions\Configuration\NRemote.Ext.Config.Fluent\NRemote.Ext.Config.Fluent.csproj", "{E71F6633-342B-4C69-A4B0-DAF3140ED8AB}"
EndProject
Project("{FAE04EC0-301F-11D3-BF4B-00C04F79EFBC}") = "NRemote.Ext.Config.Prop", "Extensions\Configuration\NRemote.Ext.Config.Prop\NRemote.Ext.Config.Prop.csproj", "{98CA679E-A8DF-4515-BB44-07593A1431C8}"
EndProject
Project("{FAE04EC0-301F-11D3-BF4B-00C04F79EFBC}") = "NRemote.Ext.Config.XML", "Extensions\Configuration\NRemote.Ext.Config.XML\NRemote.Ext.Config.XML.csproj", "{431AF70F-4DBB-485D-A934-8E23563C7265}"
EndProject
Project("{FAE04EC0-301F-11D3-BF4B-00C04F79EFBC}") = "NRemote.Ext.Config.Prop.Test", "Extensions\Configuration\NRemote.Ext.Config.Prop.Test\NRemote.Ext.Config.Prop.Test.csproj", "{4484EB0A-997B-4B13-8FDE-DEACEC7C461B}"
EndProject
Project("{FAE04EC0-301F-11D3-BF4B-00C04F79EFBC}") = "NRemote.Ext.Config.XML.Test", "Extensions\Configuration\NRemote.Ext.Config.XML.Test\NRemote.Ext.Config.XML.Test.csproj", "{64461D36-5F52-4D35-951D-6FF717BD1CCB}"
EndProject
Project("{FAE04EC0-301F-11D3-BF4B-00C04F79EFBC}") = "NRemote.Ext.NP.API", "Extensions\Network-Protocol\NRemote.Ext.NP.API\NRemote.Ext.NP.API.csproj", "{C3477BE6-7A57-46E6-8BF6-30901CF3F8C9}"
EndProject
Project("{FAE04EC0-301F-11D3-BF4B-00C04F79EFBC}") = "NRemote.Ext.NP.WCF.Rest", "Extensions\Network-Protocol\NRemote.Ext.NP.WCF.Rest\NRemote.Ext.NP.WCF.Rest.csproj", "{236294F0-18CD-484F-AF95-E28E8EBD390E}"
EndProject
Project("{FAE04EC0-301F-11D3-BF4B-00C04F79EFBC}") = "NRemote.Ext.NP.WCF.WSDL", "Extensions\Network-Protocol\NRemote.Ext.NP.WCF.WSDL\NRemote.Ext.NP.WCF.WSDL.csproj", "{A9175D63-D95B-4718-AA07-EDAF980E599C}"
EndProject
Project("{FAE04EC0-301F-11D3-BF4B-00C04F79EFBC}") = "NRemote.Ext.NP.WCF.Rest.Test", "Extensions\Network-Protocol\NRemote.Ext.NP.WCF.Rest.Test\NRemote.Ext.NP.WCF.Rest.Test.csproj", "{F35B958C-AC3E-4FB5-9F40-67A5A15E2CFF}"
EndProject
Project("{FAE04EC0-301F-11D3-BF4B-00C04F79EFBC}") = "NRemote.Ext.NP.WCF.WSDL.Test", "Extensions\Network-Protocol\NRemote.Ext.NP.WCF.WSDL.Test\NRemote.Ext.NP.WCF.WSDL.Test.csproj", "{1829A753-9A17-4FAF-B7BF-5823F5DE8E33}"
EndProject
Project("{FAE04EC0-301F-11D3-BF4B-00C04F79EFBC}") = "NRemote.Ext.UP.API", "Extensions\Update-Policy\NRemote.Ext.UP.API\NRemote.Ext.UP.API.csproj", "{B74D38DA-00E0-41EF-96FD-10FA5C21926E}"
EndProject
Project("{FAE04EC0-301F-11D3-BF4B-00C04F79EFBC}") = "NRemote.Ext.UP.Default", "Extensions\Update-Policy\NRemote.Ext.UP.Default\NRemote.Ext.UP.Default.csproj", "{EF5DB727-507E-46D9-A264-5154E1AC4C4D}"
EndProject
Project("{FAE04EC0-301F-11D3-BF4B-00C04F79EFBC}") = "NRemote.Ext.UP.Queued", "Extensions\Update-Policy\NRemote.Ext.UP.Queued\NRemote.Ext.UP.Queued.csproj", "{8E0CF3D0-A47E-4833-BE27-C8911802BED9}"
EndProject
Project("{FAE04EC0-301F-11D3-BF4B-00C04F79EFBC}") = "NRemote.Ext.UP.Queued.Test", "Extensions\Update-Policy\NRemote.Ext.UP.Queued.Test\NRemote.Ext.UP.Queued.Test.csproj", "{F9270582-D746-474D-B4CD-153AD72297FB}"
EndProject
Project("{FAE04EC0-301F-11D3-BF4B-00C04F79EFBC}") = "NRemote.Tutorial", "NRemote.Tutorial\NRemote.Tutorial.csproj", "{3DC2EF16-ACE2-42D9-90AF-670AACBB03F0}"
EndProject
Global
	GlobalSection(SolutionConfigurationPlatforms) = preSolution
		Debug|Any CPU = Debug|Any CPU
		Release|Any CPU = Release|Any CPU
	EndGlobalSection
	GlobalSection(ProjectConfigurationPlatforms) = postSolution
		{EA329300-66D8-4437-B34A-D6F4E2EB2BB3}.Debug|Any CPU.ActiveCfg = Debug|Any CPU
		{EA329300-66D8-4437-B34A-D6F4E2EB2BB3}.Debug|Any CPU.Build.0 = Debug|Any CPU
		{EA329300-66D8-4437-B34A-D6F4E2EB2BB3}.Release|Any CPU.ActiveCfg = Release|Any CPU
		{EA329300-66D8-4437-B34A-D6F4E2EB2BB3}.Release|Any CPU.Build.0 = Release|Any CPU
		{3DF4038B-02C7-478C-A2DE-CC7A7DBC6A84}.Debug|Any CPU.ActiveCfg = Debug|Any CPU
		{3DF4038B-02C7-478C-A2DE-CC7A7DBC6A84}.Debug|Any CPU.Build.0 = Debug|Any CPU
		{3DF4038B-02C7-478C-A2DE-CC7A7DBC6A84}.Release|Any CPU.ActiveCfg = Release|Any CPU
		{3DF4038B-02C7-478C-A2DE-CC7A7DBC6A84}.Release|Any CPU.Build.0 = Release|Any CPU
		{47B8A9FF-3DF4-4773-B6DC-AB351BC94001}.Debug|Any CPU.ActiveCfg = Debug|Any CPU
		{47B8A9FF-3DF4-4773-B6DC-AB351BC94001}.Debug|Any CPU.Build.0 = Debug|Any CPU
		{47B8A9FF-3DF4-4773-B6DC-AB351BC94001}.Release|Any CPU.ActiveCfg = Release|Any CPU
		{47B8A9FF-3DF4-4773-B6DC-AB351BC94001}.Release|Any CPU.Build.0 = Release|Any CPU
		{E5DB7B96-88B6-4907-8324-0722F012310B}.Debug|Any CPU.ActiveCfg = Debug|Any CPU
		{E5DB7B96-88B6-4907-8324-0722F012310B}.Debug|Any CPU.Build.0 = Debug|Any CPU
		{E5DB7B96-88B6-4907-8324-0722F012310B}.Release|Any CPU.ActiveCfg = Release|Any CPU
		{E5DB7B96-88B6-4907-8324-0722F012310B}.Release|Any CPU.Build.0 = Release|Any CPU
		{726843DF-CCB1-4A6F-B1EF-C86685291F01}.Debug|Any CPU.ActiveCfg = Debug|Any CPU
		{726843DF-CCB1-4A6F-B1EF-C86685291F01}.Debug|Any CPU.Build.0 = Debug|Any CPU
		{726843DF-CCB1-4A6F-B1EF-C86685291F01}.Release|Any CPU.ActiveCfg = Release|Any CPU
		{726843DF-CCB1-4A6F-B1EF-C86685291F01}.Release|Any CPU.Build.0 = Release|Any CPU
		{E71F6633-342B-4C69-A4B0-DAF3140ED8AB}.Debug|Any CPU.ActiveCfg = Debug|Any CPU
		{E71F6633-342B-4C69-A4B0-DAF3140ED8AB}.Debug|Any CPU.Build.0 = Debug|Any CPU
		{E71F6633-342B-4C69-A4B0-DAF3140ED8AB}.Release|Any CPU.ActiveCfg = Release|Any CPU
		{E71F6633-342B-4C69-A4B0-DAF3140ED8AB}.Release|Any CPU.Build.0 = Release|Any CPU
		{98CA679E-A8DF-4515-BB44-07593A1431C8}.Debug|Any CPU.ActiveCfg = Debug|Any CPU
		{98CA679E-A8DF-4515-BB44-07593A1431C8}.Debug|Any CPU.Build.0 = Debug|Any CPU
		{98CA679E-A8DF-4515-BB44-07593A1431C8}.Release|Any CPU.ActiveCfg = Release|Any CPU
		{98CA679E-A8DF-4515-BB44-07593A1431C8}.Release|Any CPU.Build.0 = Release|Any CPU
		{431AF70F-4DBB-485D-A934-8E23563C7265}.Debug|Any CPU.ActiveCfg = Debug|Any CPU
		{431AF70F-4DBB-485D-A934-8E23563C7265}.Debug|Any CPU.Build.0 = Debug|Any CPU
		{431AF70F-4DBB-485D-A934-8E23563C7265}.Release|Any CPU.ActiveCfg = Release|Any CPU
		{431AF70F-4DBB-485D-A934-8E23563C7265}.Release|Any CPU.Build.0 = Release|Any CPU
		{4484EB0A-997B-4B13-8FDE-DEACEC7C461B}.Debug|Any CPU.ActiveCfg = Debug|Any CPU
		{4484EB0A-997B-4B13-8FDE-DEACEC7C461B}.Debug|Any CPU.Build.0 = Debug|Any CPU
		{4484EB0A-997B-4B13-8FDE-DEACEC7C461B}.Release|Any CPU.ActiveCfg = Release|Any CPU
		{4484EB0A-997B-4B13-8FDE-DEACEC7C461B}.Release|Any CPU.Build.0 = Release|Any CPU
		{64461D36-5F52-4D35-951D-6FF717BD1CCB}.Debug|Any CPU.ActiveCfg = Debug|Any CPU
		{64461D36-5F52-4D35-951D-6FF717BD1CCB}.Debug|Any CPU.Build.0 = Debug|Any CPU
		{64461D36-5F52-4D35-951D-6FF717BD1CCB}.Release|Any CPU.ActiveCfg = Release|Any CPU
		{64461D36-5F52-4D35-951D-6FF717BD1CCB}.Release|Any CPU.Build.0 = Release|Any CPU
		{C3477BE6-7A57-46E6-8BF6-30901CF3F8C9}.Debug|Any CPU.ActiveCfg = Debug|Any CPU
		{C3477BE6-7A57-46E6-8BF6-30901CF3F8C9}.Debug|Any CPU.Build.0 = Debug|Any CPU
		{C3477BE6-7A57-46E6-8BF6-30901CF3F8C9}.Release|Any CPU.ActiveCfg = Release|Any CPU
		{C3477BE6-7A57-46E6-8BF6-30901CF3F8C9}.Release|Any CPU.Build.0 = Release|Any CPU
		{236294F0-18CD-484F-AF95-E28E8EBD390E}.Debug|Any CPU.ActiveCfg = Debug|Any CPU
		{236294F0-18CD-484F-AF95-E28E8EBD390E}.Debug|Any CPU.Build.0 = Debug|Any CPU
		{236294F0-18CD-484F-AF95-E28E8EBD390E}.Release|Any CPU.ActiveCfg = Release|Any CPU
		{236294F0-18CD-484F-AF95-E28E8EBD390E}.Release|Any CPU.Build.0 = Release|Any CPU
		{A9175D63-D95B-4718-AA07-EDAF980E599C}.Debug|Any CPU.ActiveCfg = Debug|Any CPU
		{A9175D63-D95B-4718-AA07-EDAF980E599C}.Debug|Any CPU.Build.0 = Debug|Any CPU
		{A9175D63-D95B-4718-AA07-EDAF980E599C}.Release|Any CPU.ActiveCfg = Release|Any CPU
		{A9175D63-D95B-4718-AA07-EDAF980E599C}.Release|Any CPU.Build.0 = Release|Any CPU
		{F35B958C-AC3E-4FB5-9F40-67A5A15E2CFF}.Debug|Any CPU.ActiveCfg = Debug|Any CPU
		{F35B958C-AC3E-4FB5-9F40-67A5A15E2CFF}.Debug|Any CPU.Build.0 = Debug|Any CPU
		{F35B958C-AC3E-4FB5-9F40-67A5A15E2CFF}.Release|Any CPU.ActiveCfg = Release|Any CPU
		{F35B958C-AC3E-4FB5-9F40-67A5A15E2CFF}.Release|Any CPU.Build.0 = Release|Any CPU
		{1829A753-9A17-4FAF-B7BF-5823F5DE8E33}.Debug|Any CPU.ActiveCfg = Debug|Any CPU
		{1829A753-9A17-4FAF-B7BF-5823F5DE8E33}.Debug|Any CPU.Build.0 = Debug|Any CPU
		{1829A753-9A17-4FAF-B7BF-5823F5DE8E33}.Release|Any CPU.ActiveCfg = Release|Any CPU
		{1829A753-9A17-4FAF-B7BF-5823F5DE8E33}.Release|Any CPU.Build.0 = Release|Any CPU
		{B74D38DA-00E0-41EF-96FD-10FA5C21926E}.Debug|Any CPU.ActiveCfg = Debug|Any CPU
		{B74D38DA-00E0-41EF-96FD-10FA5C21926E}.Debug|Any CPU.Build.0 = Debug|Any CPU
		{B74D38DA-00E0-41EF-96FD-10FA5C21926E}.Release|Any CPU.ActiveCfg = Release|Any CPU
		{B74D38DA-00E0-41EF-96FD-10FA5C21926E}.Release|Any CPU.Build.0 = Release|Any CPU
		{EF5DB727-507E-46D9-A264-5154E1AC4C4D}.Debug|Any CPU.ActiveCfg = Debug|Any CPU
		{EF5DB727-507E-46D9-A264-5154E1AC4C4D}.Debug|Any CPU.Build.0 = Debug|Any CPU
		{EF5DB727-507E-46D9-A264-5154E1AC4C4D}.Release|Any CPU.ActiveCfg = Release|Any CPU
		{EF5DB727-507E-46D9-A264-5154E1AC4C4D}.Release|Any CPU.Build.0 = Release|Any CPU
		{8E0CF3D0-A47E-4833-BE27-C8911802BED9}.Debug|Any CPU.ActiveCfg = Debug|Any CPU
		{8E0CF3D0-A47E-4833-BE27-C8911802BED9}.Debug|Any CPU.Build.0 = Debug|Any CPU
		{8E0CF3D0-A47E-4833-BE27-C8911802BED9}.Release|Any CPU.ActiveCfg = Release|Any CPU
		{8E0CF3D0-A47E-4833-BE27-C8911802BED9}.Release|Any CPU.Build.0 = Release|Any CPU
		{F9270582-D746-474D-B4CD-153AD72297FB}.Debug|Any CPU.ActiveCfg = Debug|Any CPU
		{F9270582-D746-474D-B4CD-153AD72297FB}.Debug|Any CPU.Build.0 = Debug|Any CPU
		{F9270582-D746-474D-B4CD-153AD72297FB}.Release|Any CPU.ActiveCfg = Release|Any CPU
		{F9270582-D746-474D-B4CD-153AD72297FB}.Release|Any CPU.Build.0 = Release|Any CPU
		{3DC2EF16-ACE2-42D9-90AF-670AACBB03F0}.Debug|Any CPU.ActiveCfg = Debug|Any CPU
		{3DC2EF16-ACE2-42D9-90AF-670AACBB03F0}.Debug|Any CPU.Build.0 = Debug|Any CPU
		{3DC2EF16-ACE2-42D9-90AF-670AACBB03F0}.Release|Any CPU.ActiveCfg = Release|Any CPU
		{3DC2EF16-ACE2-42D9-90AF-670AACBB03F0}.Release|Any CPU.Build.0 = Release|Any CPU
	EndGlobalSection
	GlobalSection(SolutionProperties) = preSolution
		HideSolutionNode = FALSE
	EndGlobalSection
	GlobalSection(NestedProjects) = preSolution
		{EA329300-66D8-4437-B34A-D6F4E2EB2BB3} = {FAED5C90-87E7-4B52-BF73-5DEAA656D8E5}
		{3DF4038B-02C7-478C-A2DE-CC7A7DBC6A84} = {FAED5C90-87E7-4B52-BF73-5DEAA656D8E5}
		{47B8A9FF-3DF4-4773-B6DC-AB351BC94001} = {FAED5C90-87E7-4B52-BF73-5DEAA656D8E5}
		{E5DB7B96-88B6-4907-8324-0722F012310B} = {16C03B0F-5676-44CE-9667-27D524A697D2}
		{86BEE235-3C9F-454E-9BFC-FA4853AE2A95} = {FAED5C90-87E7-4B52-BF73-5DEAA656D8E5}
		{78ABCE0E-7B67-416A-B1E9-DEFFB42C2A8F} = {86BEE235-3C9F-454E-9BFC-FA4853AE2A95}
		{131368CE-4F51-40D0-A6D3-EC38FF857B70} = {86BEE235-3C9F-454E-9BFC-FA4853AE2A95}
		{D9A0D008-5578-4B69-A1A9-4F56E8EDA33B} = {86BEE235-3C9F-454E-9BFC-FA4853AE2A95}
		{F90449D2-D30D-4185-B9ED-FE12B487A4C2} = {16C03B0F-5676-44CE-9667-27D524A697D2}
		{B72F172F-2331-4A17-9997-A0D98177BB71} = {F90449D2-D30D-4185-B9ED-FE12B487A4C2}
		{DC83C868-A770-4BCC-A841-AB871AC93DF0} = {F90449D2-D30D-4185-B9ED-FE12B487A4C2}
		{F2776DCB-D8B8-42C9-9882-F5EC4964A753} = {F90449D2-D30D-4185-B9ED-FE12B487A4C2}
		{726843DF-CCB1-4A6F-B1EF-C86685291F01} = {78ABCE0E-7B67-416A-B1E9-DEFFB42C2A8F}
		{E71F6633-342B-4C69-A4B0-DAF3140ED8AB} = {78ABCE0E-7B67-416A-B1E9-DEFFB42C2A8F}
		{98CA679E-A8DF-4515-BB44-07593A1431C8} = {78ABCE0E-7B67-416A-B1E9-DEFFB42C2A8F}
		{431AF70F-4DBB-485D-A934-8E23563C7265} = {78ABCE0E-7B67-416A-B1E9-DEFFB42C2A8F}
		{4484EB0A-997B-4B13-8FDE-DEACEC7C461B} = {B72F172F-2331-4A17-9997-A0D98177BB71}
		{64461D36-5F52-4D35-951D-6FF717BD1CCB} = {B72F172F-2331-4A17-9997-A0D98177BB71}
		{C3477BE6-7A57-46E6-8BF6-30901CF3F8C9} = {131368CE-4F51-40D0-A6D3-EC38FF857B70}
		{236294F0-18CD-484F-AF95-E28E8EBD390E} = {131368CE-4F51-40D0-A6D3-EC38FF857B70}
		{A9175D63-D95B-4718-AA07-EDAF980E599C} = {131368CE-4F51-40D0-A6D3-EC38FF857B70}
		{F35B958C-AC3E-4FB5-9F40-67A5A15E2CFF} = {DC83C868-A770-4BCC-A841-AB871AC93DF0}
		{1829A753-9A17-4FAF-B7BF-5823F5DE8E33} = {DC83C868-A770-4BCC-A841-AB871AC93DF0}
		{B74D38DA-00E0-41EF-96FD-10FA5C21926E} = {D9A0D008-5578-4B69-A1A9-4F56E8EDA33B}
		{EF5DB727-507E-46D9-A264-5154E1AC4C4D} = {D9A0D008-5578-4B69-A1A9-4F56E8EDA33B}
		{8E0CF3D0-A47E-4833-BE27-C8911802BED9} = {D9A0D008-5578-4B69-A1A9-4F56E8EDA33B}
		{F9270582-D746-474D-B4CD-153AD72297FB} = {F2776DCB-D8B8-42C9-9882-F5EC4964A753}
	EndGlobalSection
EndGlobal
